
Microsoft Visual Studio Solution File, Format Version 12.00
# Visual Studio 2013
VisualStudioVersion = 12.0.40629.0
MinimumVisualStudioVersion = 10.0.40219.1
Project("{FAE04EC0-301F-11D3-BF4B-00C04F79EFBC}") = "EssentialTools", "EssentialTools\EssentialTools.csproj", "{F2F2AD7D-40FD-467E-83A4-79A983B456B3}"
EndProject
Project("{FAE04EC0-301F-11D3-BF4B-00C04F79EFBC}") = "EssentialTools.Tests", "EssentialTools.Tests\EssentialTools.Tests.csproj", "{E7EF6881-0DDD-41D3-863E-D1DD1489F4A3}"
EndProject
Global
	GlobalSection(SolutionConfigurationPlatforms) = preSolution
		Debug|Any CPU = Debug|Any CPU
		Release|Any CPU = Release|Any CPU
	EndGlobalSection
	GlobalSection(ProjectConfigurationPlatforms) = postSolution
		{F2F2AD7D-40FD-467E-83A4-79A983B456B3}.Debug|Any CPU.ActiveCfg = Debug|Any CPU
		{F2F2AD7D-40FD-467E-83A4-79A983B456B3}.Debug|Any CPU.Build.0 = Debug|Any CPU
		{F2F2AD7D-40FD-467E-83A4-79A983B456B3}.Release|Any CPU.ActiveCfg = Release|Any CPU
		{F2F2AD7D-40FD-467E-83A4-79A983B456B3}.Release|Any CPU.Build.0 = Release|Any CPU
		{E7EF6881-0DDD-41D3-863E-D1DD1489F4A3}.Debug|Any CPU.ActiveCfg = Debug|Any CPU
		{E7EF6881-0DDD-41D3-863E-D1DD1489F4A3}.Debug|Any CPU.Build.0 = Debug|Any CPU
		{E7EF6881-0DDD-41D3-863E-D1DD1489F4A3}.Release|Any CPU.ActiveCfg = Release|Any CPU
		{E7EF6881-0DDD-41D3-863E-D1DD1489F4A3}.Release|Any CPU.Build.0 = Release|Any CPU
	EndGlobalSection
	GlobalSection(SolutionProperties) = preSolution
		HideSolutionNode = FALSE
	EndGlobalSection
EndGlobal
